
Microsoft Visual Studio Solution File, Format Version 12.00
# Visual Studio Version 16
VisualStudioVersion = 16.0.32228.343
MinimumVisualStudioVersion = 10.0.40219.1
Project("{9A19103F-16F7-4668-BE54-9A1E7A4F7556}") = "JeuTaquin", "JeuTaquin\JeuTaquin.csproj", "{ECDC51E3-E59E-4828-9EF8-FFF128FA365F}"
EndProject
Project("{9A19103F-16F7-4668-BE54-9A1E7A4F7556}") = "JeuxLib", "JeuxLib\JeuxLib.csproj", "{9A40C779-4E5D-465B-AC83-D44CDF5431CC}"
EndProject
Project("{9A19103F-16F7-4668-BE54-9A1E7A4F7556}") = "JeuTaquinWPF", "JeuTaquinWPF\JeuTaquinWPF.csproj", "{839F7914-614A-4F0F-A8BA-3E286A83D101}"
EndProject
Global
	GlobalSection(SolutionConfigurationPlatforms) = preSolution
		Debug|Any CPU = Debug|Any CPU
		Release|Any CPU = Release|Any CPU
	EndGlobalSection
	GlobalSection(ProjectConfigurationPlatforms) = postSolution
		{ECDC51E3-E59E-4828-9EF8-FFF128FA365F}.Debug|Any CPU.ActiveCfg = Debug|Any CPU
		{ECDC51E3-E59E-4828-9EF8-FFF128FA365F}.Debug|Any CPU.Build.0 = Debug|Any CPU
		{ECDC51E3-E59E-4828-9EF8-FFF128FA365F}.Release|Any CPU.ActiveCfg = Release|Any CPU
		{ECDC51E3-E59E-4828-9EF8-FFF128FA365F}.Release|Any CPU.Build.0 = Release|Any CPU
		{9A40C779-4E5D-465B-AC83-D44CDF5431CC}.Debug|Any CPU.ActiveCfg = Debug|Any CPU
		{9A40C779-4E5D-465B-AC83-D44CDF5431CC}.Debug|Any CPU.Build.0 = Debug|Any CPU
		{9A40C779-4E5D-465B-AC83-D44CDF5431CC}.Release|Any CPU.ActiveCfg = Release|Any CPU
		{9A40C779-4E5D-465B-AC83-D44CDF5431CC}.Release|Any CPU.Build.0 = Release|Any CPU
		{839F7914-614A-4F0F-A8BA-3E286A83D101}.Debug|Any CPU.ActiveCfg = Debug|Any CPU
		{839F7914-614A-4F0F-A8BA-3E286A83D101}.Debug|Any CPU.Build.0 = Debug|Any CPU
		{839F7914-614A-4F0F-A8BA-3E286A83D101}.Release|Any CPU.ActiveCfg = Release|Any CPU
		{839F7914-614A-4F0F-A8BA-3E286A83D101}.Release|Any CPU.Build.0 = Release|Any CPU
	EndGlobalSection
	GlobalSection(SolutionProperties) = preSolution
		HideSolutionNode = FALSE
	EndGlobalSection
	GlobalSection(ExtensibilityGlobals) = postSolution
		SolutionGuid = {40D39D3F-B718-4B08-B28B-3EDB5DCB5F3A}
	EndGlobalSection
EndGlobal
